// !$*UTF8*$!
{
	archiveVersion = 1;
	classes = {
	};
	objectVersion = 46;
	objects = {

/* Begin PBXBuildFile section */
		6CACEAA21E6F97C50037EB1B /* AppDelegate.swift in Sources */ = {isa = PBXBuildFile; fileRef = 6CACEAA11E6F97C50037EB1B /* AppDelegate.swift */; };
		6CACEAA41E6F97C50037EB1B /* ViewController.swift in Sources */ = {isa = PBXBuildFile; fileRef = 6CACEAA31E6F97C50037EB1B /* ViewController.swift */; };
		6CACEAA71E6F97C50037EB1B /* Main.storyboard in Resources */ = {isa = PBXBuildFile; fileRef = 6CACEAA51E6F97C50037EB1B /* Main.storyboard */; };
		6CACEAA91E6F97C50037EB1B /* Assets.xcassets in Resources */ = {isa = PBXBuildFile; fileRef = 6CACEAA81E6F97C50037EB1B /* Assets.xcassets */; };
		6CACEAAC1E6F97C50037EB1B /* LaunchScreen.storyboard in Resources */ = {isa = PBXBuildFile; fileRef = 6CACEAAA1E6F97C50037EB1B /* LaunchScreen.storyboard */; };
		6CACEAB71E6F97C50037EB1B /* TipsterTests.swift in Sources */ = {isa = PBXBuildFile; fileRef = 6CACEAB61E6F97C50037EB1B /* TipsterTests.swift */; };
		6CACEAC21E6F97C50037EB1B /* TipsterUITests.swift in Sources */ = {isa = PBXBuildFile; fileRef = 6CACEAC11E6F97C50037EB1B /* TipsterUITests.swift */; };
/* End PBXBuildFile section */

/* Begin PBXContainerItemProxy section */
		6CACEAB31E6F97C50037EB1B /* PBXContainerItemProxy */ = {
			isa = PBXContainerItemProxy;
			containerPortal = 6CACEA961E6F97C40037EB1B /* Project object */;
			proxyType = 1;
			remoteGlobalIDString = 6CACEA9D1E6F97C50037EB1B;
			remoteInfo = Tipster;
		};
		6CACEABE1E6F97C50037EB1B /* PBXContainerItemProxy */ = {
			isa = PBXContainerItemProxy;
			containerPortal = 6CACEA961E6F97C40037EB1B /* Project object */;
			proxyType = 1;
			remoteGlobalIDString = 6CACEA9D1E6F97C50037EB1B;
			remoteInfo = Tipster;
		};
/* End PBXContainerItemProxy section */

/* Begin PBXFileReference section */
		6CACEA9E1E6F97C50037EB1B /* Tipster.app */ = {isa = PBXFileReference; explicitFileType = wrapper.application; includeInIndex = 0; path = Tipster.app; sourceTree = BUILT_PRODUCTS_DIR; };
		6CACEAA11E6F97C50037EB1B /* AppDelegate.swift */ = {isa = PBXFileReference; lastKnownFileType = sourcecode.swift; path = AppDelegate.swift; sourceTree = "<group>"; };
		6CACEAA31E6F97C50037EB1B /* ViewController.swift */ = {isa = PBXFileReference; lastKnownFileType = sourcecode.swift; path = ViewController.swift; sourceTree = "<group>"; };
		6CACEAA61E6F97C50037EB1B /* Base */ = {isa = PBXFileReference; lastKnownFileType = file.storyboard; name = Base; path = Base.lproj/Main.storyboard; sourceTree = "<group>"; };
		6CACEAA81E6F97C50037EB1B /* Assets.xcassets */ = {isa = PBXFileReference; lastKnownFileType = folder.assetcatalog; path = Assets.xcassets; sourceTree = "<group>"; };
		6CACEAAB1E6F97C50037EB1B /* Base */ = {isa = PBXFileReference; lastKnownFileType = file.storyboard; name = Base; path = Base.lproj/LaunchScreen.storyboard; sourceTree = "<group>"; };
		6CACEAAD1E6F97C50037EB1B /* Info.plist */ = {isa = PBXFileReference; lastKnownFileType = text.plist.xml; path = Info.plist; sourceTree = "<group>"; };
		6CACEAB21E6F97C50037EB1B /* TipsterTests.xctest */ = {isa = PBXFileReference; explicitFileType = wrapper.cfbundle; includeInIndex = 0; path = TipsterTests.xctest; sourceTree = BUILT_PRODUCTS_DIR; };
		6CACEAB61E6F97C50037EB1B /* TipsterTests.swift */ = {isa = PBXFileReference; lastKnownFileType = sourcecode.swift; path = TipsterTests.swift; sourceTree = "<group>"; };
		6CACEAB81E6F97C50037EB1B /* Info.plist */ = {isa = PBXFileReference; lastKnownFileType = text.plist.xml; path = Info.plist; sourceTree = "<group>"; };
		6CACEABD1E6F97C50037EB1B /* TipsterUITests.xctest */ = {isa = PBXFileReference; explicitFileType = wrapper.cfbundle; includeInIndex = 0; path = TipsterUITests.xctest; sourceTree = BUILT_PRODUCTS_DIR; };
		6CACEAC11E6F97C50037EB1B /* TipsterUITests.swift */ = {isa = PBXFileReference; lastKnownFileType = sourcecode.swift; path = TipsterUITests.swift; sourceTree = "<group>"; };
		6CACEAC31E6F97C50037EB1B /* Info.plist */ = {isa = PBXFileReference; lastKnownFileType = text.plist.xml; path = Info.plist; sourceTree = "<group>"; };
/* End PBXFileReference section */

/* Begin PBXFrameworksBuildPhase section */
		6CACEA9B1E6F97C50037EB1B /* Frameworks */ = {
			isa = PBXFrameworksBuildPhase;
			buildActionMask = 2147483647;
			files = (
			);
			runOnlyForDeploymentPostprocessing = 0;
		};
		6CACEAAF1E6F97C50037EB1B /* Frameworks */ = {
			isa = PBXFrameworksBuildPhase;
			buildActionMask = 2147483647;
			files = (
			);
			runOnlyForDeploymentPostprocessing = 0;
		};
		6CACEABA1E6F97C50037EB1B /* Frameworks */ = {
			isa = PBXFrameworksBuildPhase;
			buildActionMask = 2147483647;
			files = (
			);
			runOnlyForDeploymentPostprocessing = 0;
		};
/* End PBXFrameworksBuildPhase section */

/* Begin PBXGroup section */
		6CACEA951E6F97C40037EB1B = {
			isa = PBXGroup;
			children = (
				6CACEAA01E6F97C50037EB1B /* Tipster */,
				6CACEAB51E6F97C50037EB1B /* TipsterTests */,
				6CACEAC01E6F97C50037EB1B /* TipsterUITests */,
				6CACEA9F1E6F97C50037EB1B /* Products */,
			);
			sourceTree = "<group>";
		};
		6CACEA9F1E6F97C50037EB1B /* Products */ = {
			isa = PBXGroup;
			children = (
				6CACEA9E1E6F97C50037EB1B /* Tipster.app */,
				6CACEAB21E6F97C50037EB1B /* TipsterTests.xctest */,
				6CACEABD1E6F97C50037EB1B /* TipsterUITests.xctest */,
			);
			name = Products;
			sourceTree = "<group>";
		};
		6CACEAA01E6F97C50037EB1B /* Tipster */ = {
			isa = PBXGroup;
			children = (
				6CACEAA11E6F97C50037EB1B /* AppDelegate.swift */,
				6CACEAA31E6F97C50037EB1B /* ViewController.swift */,
				6CACEAA51E6F97C50037EB1B /* Main.storyboard */,
				6CACEAA81E6F97C50037EB1B /* Assets.xcassets */,
				6CACEAAA1E6F97C50037EB1B /* LaunchScreen.storyboard */,
				6CACEAAD1E6F97C50037EB1B /* Info.plist */,
			);
			path = Tipster;
			sourceTree = "<group>";
		};
		6CACEAB51E6F97C50037EB1B /* TipsterTests */ = {
			isa = PBXGroup;
			children = (
				6CACEAB61E6F97C50037EB1B /* TipsterTests.swift */,
				6CACEAB81E6F97C50037EB1B /* Info.plist */,
			);
			path = TipsterTests;
			sourceTree = "<group>";
		};
		6CACEAC01E6F97C50037EB1B /* TipsterUITests */ = {
			isa = PBXGroup;
			children = (
				6CACEAC11E6F97C50037EB1B /* TipsterUITests.swift */,
				6CACEAC31E6F97C50037EB1B /* Info.plist */,
			);
			path = TipsterUITests;
			sourceTree = "<group>";
		};
/* End PBXGroup section */

/* Begin PBXNativeTarget section */
		6CACEA9D1E6F97C50037EB1B /* Tipster */ = {
			isa = PBXNativeTarget;
			buildConfigurationList = 6CACEAC61E6F97C50037EB1B /* Build configuration list for PBXNativeTarget "Tipster" */;
			buildPhases = (
				6CACEA9A1E6F97C50037EB1B /* Sources */,
				6CACEA9B1E6F97C50037EB1B /* Frameworks */,
				6CACEA9C1E6F97C50037EB1B /* Resources */,
			);
			buildRules = (
			);
			dependencies = (
			);
			name = Tipster;
			productName = Tipster;
			productReference = 6CACEA9E1E6F97C50037EB1B /* Tipster.app */;
			productType = "com.apple.product-type.application";
		};
		6CACEAB11E6F97C50037EB1B /* TipsterTests */ = {
			isa = PBXNativeTarget;
			buildConfigurationList = 6CACEAC91E6F97C50037EB1B /* Build configuration list for PBXNativeTarget "TipsterTests" */;
			buildPhases = (
				6CACEAAE1E6F97C50037EB1B /* Sources */,
				6CACEAAF1E6F97C50037EB1B /* Frameworks */,
				6CACEAB01E6F97C50037EB1B /* Resources */,
			);
			buildRules = (
			);
			dependencies = (
				6CACEAB41E6F97C50037EB1B /* PBXTargetDependency */,
			);
			name = TipsterTests;
			productName = TipsterTests;
			productReference = 6CACEAB21E6F97C50037EB1B /* TipsterTests.xctest */;
			productType = "com.apple.product-type.bundle.unit-test";
		};
		6CACEABC1E6F97C50037EB1B /* TipsterUITests */ = {
			isa = PBXNativeTarget;
			buildConfigurationList = 6CACEACC1E6F97C50037EB1B /* Build configuration list for PBXNativeTarget "TipsterUITests" */;
			buildPhases = (
				6CACEAB91E6F97C50037EB1B /* Sources */,
				6CACEABA1E6F97C50037EB1B /* Frameworks */,
				6CACEABB1E6F97C50037EB1B /* Resources */,
			);
			buildRules = (
			);
			dependencies = (
				6CACEABF1E6F97C50037EB1B /* PBXTargetDependency */,
			);
			name = TipsterUITests;
			productName = TipsterUITests;
			productReference = 6CACEABD1E6F97C50037EB1B /* TipsterUITests.xctest */;
			productType = "com.apple.product-type.bundle.ui-testing";
		};
/* End PBXNativeTarget section */

/* Begin PBXProject section */
		6CACEA961E6F97C40037EB1B /* Project object */ = {
			isa = PBXProject;
			attributes = {
				LastSwiftUpdateCheck = 0820;
				LastUpgradeCheck = 0820;
				ORGANIZATIONNAME = "Patrick O'Brien";
				TargetAttributes = {
					6CACEA9D1E6F97C50037EB1B = {
						CreatedOnToolsVersion = 8.2.1;
						DevelopmentTeam = B4LU6DP8T7;
						ProvisioningStyle = Automatic;
					};
					6CACEAB11E6F97C50037EB1B = {
						CreatedOnToolsVersion = 8.2.1;
						DevelopmentTeam = B4LU6DP8T7;
						ProvisioningStyle = Automatic;
						TestTargetID = 6CACEA9D1E6F97C50037EB1B;
					};
					6CACEABC1E6F97C50037EB1B = {
						CreatedOnToolsVersion = 8.2.1;
						DevelopmentTeam = B4LU6DP8T7;
						ProvisioningStyle = Automatic;
						TestTargetID = 6CACEA9D1E6F97C50037EB1B;
					};
				};
			};
			buildConfigurationList = 6CACEA991E6F97C40037EB1B /* Build configuration list for PBXProject "Tipster" */;
			compatibilityVersion = "Xcode 3.2";
			developmentRegion = English;
			hasScannedForEncodings = 0;
			knownRegions = (
				en,
				Base,
			);
			mainGroup = 6CACEA951E6F97C40037EB1B;
			productRefGroup = 6CACEA9F1E6F97C50037EB1B /* Products */;
			projectDirPath = "";
			projectRoot = "";
			targets = (
				6CACEA9D1E6F97C50037EB1B /* Tipster */,
				6CACEAB11E6F97C50037EB1B /* TipsterTests */,
				6CACEABC1E6F97C50037EB1B /* TipsterUITests */,
			);
		};
/* End PBXProject section */

/* Begin PBXResourcesBuildPhase section */
		6CACEA9C1E6F97C50037EB1B /* Resources */ = {
			isa = PBXResourcesBuildPhase;
			buildActionMask = 2147483647;
			files = (
				6CACEAAC1E6F97C50037EB1B /* LaunchScreen.storyboard in Resources */,
				6CACEAA91E6F97C50037EB1B /* Assets.xcassets in Resources */,
				6CACEAA71E6F97C50037EB1B /* Main.storyboard in Resources */,
			);
			runOnlyForDeploymentPostprocessing = 0;
		};
		6CACEAB01E6F97C50037EB1B /* Resources */ = {
			isa = PBXResourcesBuildPhase;
			buildActionMask = 2147483647;
			files = (
			);
			runOnlyForDeploymentPostprocessing = 0;
		};
		6CACEABB1E6F97C50037EB1B /* Resources */ = {
			isa = PBXResourcesBuildPhase;
			buildActionMask = 2147483647;
			files = (
			);
			runOnlyForDeploymentPostprocessing = 0;
		};
/* End PBXResourcesBuildPhase section */

/* Begin PBXSourcesBuildPhase section */
		6CACEA9A1E6F97C50037EB1B /* Sources */ = {
			isa = PBXSourcesBuildPhase;
			buildActionMask = 2147483647;
			files = (
				6CACEAA41E6F97C50037EB1B /* ViewController.swift in Sources */,
				6CACEAA21E6F97C50037EB1B /* AppDelegate.swift in Sources */,
			);
			runOnlyForDeploymentPostprocessing = 0;
		};
		6CACEAAE1E6F97C50037EB1B /* Sources */ = {
			isa = PBXSourcesBuildPhase;
			buildActionMask = 2147483647;
			files = (
				6CACEAB71E6F97C50037EB1B /* TipsterTests.swift in Sources */,
			);
			runOnlyForDeploymentPostprocessing = 0;
		};
		6CACEAB91E6F97C50037EB1B /* Sources */ = {
			isa = PBXSourcesBuildPhase;
			buildActionMask = 2147483647;
			files = (
				6CACEAC21E6F97C50037EB1B /* TipsterUITests.swift in Sources */,
			);
			runOnlyForDeploymentPostprocessing = 0;
		};
/* End PBXSourcesBuildPhase section */

/* Begin PBXTargetDependency section */
		6CACEAB41E6F97C50037EB1B /* PBXTargetDependency */ = {
			isa = PBXTargetDependency;
			target = 6CACEA9D1E6F97C50037EB1B /* Tipster */;
			targetProxy = 6CACEAB31E6F97C50037EB1B /* PBXContainerItemProxy */;
		};
		6CACEABF1E6F97C50037EB1B /* PBXTargetDependency */ = {
			isa = PBXTargetDependency;
			target = 6CACEA9D1E6F97C50037EB1B /* Tipster */;
			targetProxy = 6CACEABE1E6F97C50037EB1B /* PBXContainerItemProxy */;
		};
/* End PBXTargetDependency section */

/* Begin PBXVariantGroup section */
		6CACEAA51E6F97C50037EB1B /* Main.storyboard */ = {
			isa = PBXVariantGroup;
			children = (
				6CACEAA61E6F97C50037EB1B /* Base */,
			);
			name = Main.storyboard;
			sourceTree = "<group>";
		};
		6CACEAAA1E6F97C50037EB1B /* LaunchScreen.storyboard */ = {
			isa = PBXVariantGroup;
			children = (
				6CACEAAB1E6F97C50037EB1B /* Base */,
			);
			name = LaunchScreen.storyboard;
			sourceTree = "<group>";
		};
/* End PBXVariantGroup section */

/* Begin XCBuildConfiguration section */
		6CACEAC41E6F97C50037EB1B /* Debug */ = {
			isa = XCBuildConfiguration;
			buildSettings = {
				ALWAYS_SEARCH_USER_PATHS = NO;
				CLANG_ANALYZER_NONNULL = YES;
				CLANG_CXX_LANGUAGE_STANDARD = "gnu++0x";
				CLANG_CXX_LIBRARY = "libc++";
				CLANG_ENABLE_MODULES = YES;
				CLANG_ENABLE_OBJC_ARC = YES;
				CLANG_WARN_BOOL_CONVERSION = YES;
				CLANG_WARN_CONSTANT_CONVERSION = YES;
				CLANG_WARN_DIRECT_OBJC_ISA_USAGE = YES_ERROR;
				CLANG_WARN_DOCUMENTATION_COMMENTS = YES;
				CLANG_WARN_EMPTY_BODY = YES;
				CLANG_WARN_ENUM_CONVERSION = YES;
				CLANG_WARN_INFINITE_RECURSION = YES;
				CLANG_WARN_INT_CONVERSION = YES;
				CLANG_WARN_OBJC_ROOT_CLASS = YES_ERROR;
				CLANG_WARN_SUSPICIOUS_MOVE = YES;
				CLANG_WARN_UNREACHABLE_CODE = YES;
				CLANG_WARN__DUPLICATE_METHOD_MATCH = YES;
				"CODE_SIGN_IDENTITY[sdk=iphoneos*]" = "iPhone Developer";
				COPY_PHASE_STRIP = NO;
				DEBUG_INFORMATION_FORMAT = dwarf;
				ENABLE_STRICT_OBJC_MSGSEND = YES;
				ENABLE_TESTABILITY = YES;
				GCC_C_LANGUAGE_STANDARD = gnu99;
				GCC_DYNAMIC_NO_PIC = NO;
				GCC_NO_COMMON_BLOCKS = YES;
				GCC_OPTIMIZATION_LEVEL = 0;
				GCC_PREPROCESSOR_DEFINITIONS = (
					"DEBUG=1",
					"$(inherited)",
				);
				GCC_WARN_64_TO_32_BIT_CONVERSION = YES;
				GCC_WARN_ABOUT_RETURN_TYPE = YES_ERROR;
				GCC_WARN_UNDECLARED_SELECTOR = YES;
				GCC_WARN_UNINITIALIZED_AUTOS = YES_AGGRESSIVE;
				GCC_WARN_UNUSED_FUNCTION = YES;
				GCC_WARN_UNUSED_VARIABLE = YES;
				IPHONEOS_DEPLOYMENT_TARGET = 10.2;
				MTL_ENABLE_DEBUG_INFO = YES;
				ONLY_ACTIVE_ARCH = YES;
				SDKROOT = iphoneos;
				SWIFT_ACTIVE_COMPILATION_CONDITIONS = DEBUG;
				SWIFT_OPTIMIZATION_LEVEL = "-Onone";
				TARGETED_DEVICE_FAMILY = "1,2";
			};
			name = Debug;
		};
		6CACEAC51E6F97C50037EB1B /* Release */ = {
			isa = XCBuildConfiguration;
			buildSettings = {
				ALWAYS_SEARCH_USER_PATHS = NO;
				CLANG_ANALYZER_NONNULL = YES;
				CLANG_CXX_LANGUAGE_STANDARD = "gnu++0x";
				CLANG_CXX_LIBRARY = "libc++";
				CLANG_ENABLE_MODULES = YES;
				CLANG_ENABLE_OBJC_ARC = YES;
				CLANG_WARN_BOOL_CONVERSION = YES;
				CLANG_WARN_CONSTANT_CONVERSION = YES;
				CLANG_WARN_DIRECT_OBJC_ISA_USAGE = YES_ERROR;
				CLANG_WARN_DOCUMENTATION_COMMENTS = YES;
				CLANG_WARN_EMPTY_BODY = YES;
				CLANG_WARN_ENUM_CONVERSION = YES;
				CLANG_WARN_INFINITE_RECURSION = YES;
				CLANG_WARN_INT_CONVERSION = YES;
				CLANG_WARN_OBJC_ROOT_CLASS = YES_ERROR;
				CLANG_WARN_SUSPICIOUS_MOVE = YES;
				CLANG_WARN_UNREACHABLE_CODE = YES;
				CLANG_WARN__DUPLICATE_METHOD_MATCH = YES;
				"CODE_SIGN_IDENTITY[sdk=iphoneos*]" = "iPhone Developer";
				COPY_PHASE_STRIP = NO;
				DEBUG_INFORMATION_FORMAT = "dwarf-with-dsym";
				ENABLE_NS_ASSERTIONS = NO;
				ENABLE_STRICT_OBJC_MSGSEND = YES;
				GCC_C_LANGUAGE_STANDARD = gnu99;
				GCC_NO_COMMON_BLOCKS = YES;
				GCC_WARN_64_TO_32_BIT_CONVERSION = YES;
				GCC_WARN_ABOUT_RETURN_TYPE = YES_ERROR;
				GCC_WARN_UNDECLARED_SELECTOR = YES;
				GCC_WARN_UNINITIALIZED_AUTOS = YES_AGGRESSIVE;
				GCC_WARN_UNUSED_FUNCTION = YES;
				GCC_WARN_UNUSED_VARIABLE = YES;
				IPHONEOS_DEPLOYMENT_TARGET = 10.2;
				MTL_ENABLE_DEBUG_INFO = NO;
				SDKROOT = iphoneos;
				SWIFT_OPTIMIZATION_LEVEL = "-Owholemodule";
				TARGETED_DEVICE_FAMILY = "1,2";
				VALIDATE_PRODUCT = YES;
			};
			name = Release;
		};
		6CACEAC71E6F97C50037EB1B /* Debug */ = {
			isa = XCBuildConfiguration;
			buildSettings = {
				ASSETCATALOG_COMPILER_APPICON_NAME = AppIcon;
				DEVELOPMENT_TEAM = B4LU6DP8T7;
				INFOPLIST_FILE = Tipster/Info.plist;
				LD_RUNPATH_SEARCH_PATHS = "$(inherited) @executable_path/Frameworks";
				PRODUCT_BUNDLE_IDENTIFIER = Elysia.Tipster;
				PRODUCT_NAME = "$(TARGET_NAME)";
				SWIFT_VERSION = 3.0;
			};
			name = Debug;
		};
		6CACEAC81E6F97C50037EB1B /* Release */ = {
			isa = XCBuildConfiguration;
			buildSettings = {
				ASSETCATALOG_COMPILER_APPICON_NAME = AppIcon;
				DEVELOPMENT_TEAM = B4LU6DP8T7;
				INFOPLIST_FILE = Tipster/Info.plist;
				LD_RUNPATH_SEARCH_PATHS = "$(inherited) @executable_path/Frameworks";
				PRODUCT_BUNDLE_IDENTIFIER = Elysia.Tipster;
				PRODUCT_NAME = "$(TARGET_NAME)";
				SWIFT_VERSION = 3.0;
			};
			name = Release;
		};
		6CACEACA1E6F97C50037EB1B /* Debug */ = {
			isa = XCBuildConfiguration;
			buildSettings = {
				ALWAYS_EMBED_SWIFT_STANDARD_LIBRARIES = YES;
				BUNDLE_LOADER = "$(TEST_HOST)";
				DEVELOPMENT_TEAM = B4LU6DP8T7;
				INFOPLIST_FILE = TipsterTests/Info.plist;
				LD_RUNPATH_SEARCH_PATHS = "$(inherited) @executable_path/Frameworks @loader_path/Frameworks";
				PRODUCT_BUNDLE_IDENTIFIER = Elysia.TipsterTests;
				PRODUCT_NAME = "$(TARGET_NAME)";
				SWIFT_VERSION = 3.0;
				TEST_HOST = "$(BUILT_PRODUCTS_DIR)/Tipster.app/Tipster";
			};
			name = Debug;
		};
		6CACEACB1E6F97C50037EB1B /* Release */ = {
			isa = XCBuildConfiguration;
			buildSettings = {
				ALWAYS_EMBED_SWIFT_STANDARD_LIBRARIES = YES;
				BUNDLE_LOADER = "$(TEST_HOST)";
				DEVELOPMENT_TEAM = B4LU6DP8T7;
				INFOPLIST_FILE = TipsterTests/Info.plist;
				LD_RUNPATH_SEARCH_PATHS = "$(inherited) @executable_path/Frameworks @loader_path/Frameworks";
				PRODUCT_BUNDLE_IDENTIFIER = Elysia.TipsterTests;
				PRODUCT_NAME = "$(TARGET_NAME)";
				SWIFT_VERSION = 3.0;
				TEST_HOST = "$(BUILT_PRODUCTS_DIR)/Tipster.app/Tipster";
			};
			name = Release;
		};
		6CACEACD1E6F97C50037EB1B /* Debug */ = {
			isa = XCBuildConfiguration;
			buildSettings = {
				ALWAYS_EMBED_SWIFT_STANDARD_LIBRARIES = YES;
				DEVELOPMENT_TEAM = B4LU6DP8T7;
				INFOPLIST_FILE = TipsterUITests/Info.plist;
				LD_RUNPATH_SEARCH_PATHS = "$(inherited) @executable_path/Frameworks @loader_path/Frameworks";
				PRODUCT_BUNDLE_IDENTIFIER = Elysia.TipsterUITests;
				PRODUCT_NAME = "$(TARGET_NAME)";
				SWIFT_VERSION = 3.0;
				TEST_TARGET_NAME = Tipster;
			};
			name = Debug;
		};
		6CACEACE1E6F97C50037EB1B /* Release */ = {
			isa = XCBuildConfiguration;
			buildSettings = {
				ALWAYS_EMBED_SWIFT_STANDARD_LIBRARIES = YES;
				DEVELOPMENT_TEAM = B4LU6DP8T7;
				INFOPLIST_FILE = TipsterUITests/Info.plist;
				LD_RUNPATH_SEARCH_PATHS = "$(inherited) @executable_path/Frameworks @loader_path/Frameworks";
				PRODUCT_BUNDLE_IDENTIFIER = Elysia.TipsterUITests;
				PRODUCT_NAME = "$(TARGET_NAME)";
				SWIFT_VERSION = 3.0;
				TEST_TARGET_NAME = Tipster;
			};
			name = Release;
		};
/* End XCBuildConfiguration section */

/* Begin XCConfigurationList section */
		6CACEA991E6F97C40037EB1B /* Build configuration list for PBXProject "Tipster" */ = {
			isa = XCConfigurationList;
			buildConfigurations = (
				6CACEAC41E6F97C50037EB1B /* Debug */,
				6CACEAC51E6F97C50037EB1B /* Release */,
			);
			defaultConfigurationIsVisible = 0;
			defaultConfigurationName = Release;
		};
		6CACEAC61E6F97C50037EB1B /* Build configuration list for PBXNativeTarget "Tipster" */ = {
			isa = XCConfigurationList;
			buildConfigurations = (
				6CACEAC71E6F97C50037EB1B /* Debug */,
				6CACEAC81E6F97C50037EB1B /* Release */,
			);
			defaultConfigurationIsVisible = 0;
		};
		6CACEAC91E6F97C50037EB1B /* Build configuration list for PBXNativeTarget "TipsterTests" */ = {
			isa = XCConfigurationList;
			buildConfigurations = (
				6CACEACA1E6F97C50037EB1B /* Debug */,
				6CACEACB1E6F97C50037EB1B /* Release */,
			);
			defaultConfigurationIsVisible = 0;
		};
		6CACEACC1E6F97C50037EB1B /* Build configuration list for PBXNativeTarget "TipsterUITests" */ = {
			isa = XCConfigurationList;
			buildConfigurations = (
				6CACEACD1E6F97C50037EB1B /* Debug */,
				6CACEACE1E6F97C50037EB1B /* Release */,
			);
			defaultConfigurationIsVisible = 0;
		};
/* End XCConfigurationList section */
	};
	rootObject = 6CACEA961E6F97C40037EB1B /* Project object */;
}
