// !$*UTF8*$!
{
	archiveVersion = 1;
	classes = {
	};
	objectVersion = 46;
	objects = {

/* Begin PBXBuildFile section */
		6CABECE41E71FF7400CE94E8 /* AppDelegate.swift in Sources */ = {isa = PBXBuildFile; fileRef = 6CABECE31E71FF7400CE94E8 /* AppDelegate.swift */; };
		6CABECE61E71FF7400CE94E8 /* BucketListViewController.swift in Sources */ = {isa = PBXBuildFile; fileRef = 6CABECE51E71FF7400CE94E8 /* BucketListViewController.swift */; };
		6CABECE91E71FF7400CE94E8 /* Main.storyboard in Resources */ = {isa = PBXBuildFile; fileRef = 6CABECE71E71FF7400CE94E8 /* Main.storyboard */; };
		6CABECEB1E71FF7400CE94E8 /* Assets.xcassets in Resources */ = {isa = PBXBuildFile; fileRef = 6CABECEA1E71FF7400CE94E8 /* Assets.xcassets */; };
		6CABECEE1E71FF7400CE94E8 /* LaunchScreen.storyboard in Resources */ = {isa = PBXBuildFile; fileRef = 6CABECEC1E71FF7400CE94E8 /* LaunchScreen.storyboard */; };
		6CABECF91E71FF7400CE94E8 /* bucket_listTests.swift in Sources */ = {isa = PBXBuildFile; fileRef = 6CABECF81E71FF7400CE94E8 /* bucket_listTests.swift */; };
		6CABED041E71FF7400CE94E8 /* bucket_listUITests.swift in Sources */ = {isa = PBXBuildFile; fileRef = 6CABED031E71FF7400CE94E8 /* bucket_listUITests.swift */; };
		6CABED121E720B1B00CE94E8 /* AddTableViewController.swift in Sources */ = {isa = PBXBuildFile; fileRef = 6CABED111E720B1B00CE94E8 /* AddTableViewController.swift */; };
		6CABED161E72140500CE94E8 /* AddItemTAbleViewControllerDelegate.swift in Sources */ = {isa = PBXBuildFile; fileRef = 6CABED151E72140500CE94E8 /* AddItemTAbleViewControllerDelegate.swift */; };
/* End PBXBuildFile section */

/* Begin PBXContainerItemProxy section */
		6CABECF51E71FF7400CE94E8 /* PBXContainerItemProxy */ = {
			isa = PBXContainerItemProxy;
			containerPortal = 6CABECD81E71FF7400CE94E8 /* Project object */;
			proxyType = 1;
			remoteGlobalIDString = 6CABECDF1E71FF7400CE94E8;
			remoteInfo = "bucket list";
		};
		6CABED001E71FF7400CE94E8 /* PBXContainerItemProxy */ = {
			isa = PBXContainerItemProxy;
			containerPortal = 6CABECD81E71FF7400CE94E8 /* Project object */;
			proxyType = 1;
			remoteGlobalIDString = 6CABECDF1E71FF7400CE94E8;
			remoteInfo = "bucket list";
		};
/* End PBXContainerItemProxy section */

/* Begin PBXFileReference section */
		6CABECE01E71FF7400CE94E8 /* bucket list.app */ = {isa = PBXFileReference; explicitFileType = wrapper.application; includeInIndex = 0; path = "bucket list.app"; sourceTree = BUILT_PRODUCTS_DIR; };
		6CABECE31E71FF7400CE94E8 /* AppDelegate.swift */ = {isa = PBXFileReference; lastKnownFileType = sourcecode.swift; path = AppDelegate.swift; sourceTree = "<group>"; };
		6CABECE51E71FF7400CE94E8 /* BucketListViewController.swift */ = {isa = PBXFileReference; lastKnownFileType = sourcecode.swift; path = BucketListViewController.swift; sourceTree = "<group>"; };
		6CABECE81E71FF7400CE94E8 /* Base */ = {isa = PBXFileReference; lastKnownFileType = file.storyboard; name = Base; path = Base.lproj/Main.storyboard; sourceTree = "<group>"; };
		6CABECEA1E71FF7400CE94E8 /* Assets.xcassets */ = {isa = PBXFileReference; lastKnownFileType = folder.assetcatalog; path = Assets.xcassets; sourceTree = "<group>"; };
		6CABECED1E71FF7400CE94E8 /* Base */ = {isa = PBXFileReference; lastKnownFileType = file.storyboard; name = Base; path = Base.lproj/LaunchScreen.storyboard; sourceTree = "<group>"; };
		6CABECEF1E71FF7400CE94E8 /* Info.plist */ = {isa = PBXFileReference; lastKnownFileType = text.plist.xml; path = Info.plist; sourceTree = "<group>"; };
		6CABECF41E71FF7400CE94E8 /* bucket listTests.xctest */ = {isa = PBXFileReference; explicitFileType = wrapper.cfbundle; includeInIndex = 0; path = "bucket listTests.xctest"; sourceTree = BUILT_PRODUCTS_DIR; };
		6CABECF81E71FF7400CE94E8 /* bucket_listTests.swift */ = {isa = PBXFileReference; lastKnownFileType = sourcecode.swift; path = bucket_listTests.swift; sourceTree = "<group>"; };
		6CABECFA1E71FF7400CE94E8 /* Info.plist */ = {isa = PBXFileReference; lastKnownFileType = text.plist.xml; path = Info.plist; sourceTree = "<group>"; };
		6CABECFF1E71FF7400CE94E8 /* bucket listUITests.xctest */ = {isa = PBXFileReference; explicitFileType = wrapper.cfbundle; includeInIndex = 0; path = "bucket listUITests.xctest"; sourceTree = BUILT_PRODUCTS_DIR; };
		6CABED031E71FF7400CE94E8 /* bucket_listUITests.swift */ = {isa = PBXFileReference; lastKnownFileType = sourcecode.swift; path = bucket_listUITests.swift; sourceTree = "<group>"; };
		6CABED051E71FF7400CE94E8 /* Info.plist */ = {isa = PBXFileReference; lastKnownFileType = text.plist.xml; path = Info.plist; sourceTree = "<group>"; };
		6CABED111E720B1B00CE94E8 /* AddTableViewController.swift */ = {isa = PBXFileReference; fileEncoding = 4; lastKnownFileType = sourcecode.swift; path = AddTableViewController.swift; sourceTree = "<group>"; };
		6CABED151E72140500CE94E8 /* AddItemTAbleViewControllerDelegate.swift */ = {isa = PBXFileReference; fileEncoding = 4; lastKnownFileType = sourcecode.swift; path = AddItemTAbleViewControllerDelegate.swift; sourceTree = "<group>"; };
/* End PBXFileReference section */

/* Begin PBXFrameworksBuildPhase section */
		6CABECDD1E71FF7400CE94E8 /* Frameworks */ = {
			isa = PBXFrameworksBuildPhase;
			buildActionMask = 2147483647;
			files = (
			);
			runOnlyForDeploymentPostprocessing = 0;
		};
		6CABECF11E71FF7400CE94E8 /* Frameworks */ = {
			isa = PBXFrameworksBuildPhase;
			buildActionMask = 2147483647;
			files = (
			);
			runOnlyForDeploymentPostprocessing = 0;
		};
		6CABECFC1E71FF7400CE94E8 /* Frameworks */ = {
			isa = PBXFrameworksBuildPhase;
			buildActionMask = 2147483647;
			files = (
			);
			runOnlyForDeploymentPostprocessing = 0;
		};
/* End PBXFrameworksBuildPhase section */

/* Begin PBXGroup section */
		6CABECD71E71FF7400CE94E8 = {
			isa = PBXGroup;
			children = (
				6CABECE21E71FF7400CE94E8 /* bucket list */,
				6CABECF71E71FF7400CE94E8 /* bucket listTests */,
				6CABED021E71FF7400CE94E8 /* bucket listUITests */,
				6CABECE11E71FF7400CE94E8 /* Products */,
			);
			sourceTree = "<group>";
		};
		6CABECE11E71FF7400CE94E8 /* Products */ = {
			isa = PBXGroup;
			children = (
				6CABECE01E71FF7400CE94E8 /* bucket list.app */,
				6CABECF41E71FF7400CE94E8 /* bucket listTests.xctest */,
				6CABECFF1E71FF7400CE94E8 /* bucket listUITests.xctest */,
			);
			name = Products;
			sourceTree = "<group>";
		};
		6CABECE21E71FF7400CE94E8 /* bucket list */ = {
			isa = PBXGroup;
			children = (
				6CABECE31E71FF7400CE94E8 /* AppDelegate.swift */,
				6CABECE51E71FF7400CE94E8 /* BucketListViewController.swift */,
				6CABED151E72140500CE94E8 /* AddItemTAbleViewControllerDelegate.swift */,
				6CABECE71E71FF7400CE94E8 /* Main.storyboard */,
				6CABED111E720B1B00CE94E8 /* AddTableViewController.swift */,
				6CABECEA1E71FF7400CE94E8 /* Assets.xcassets */,
				6CABECEC1E71FF7400CE94E8 /* LaunchScreen.storyboard */,
				6CABECEF1E71FF7400CE94E8 /* Info.plist */,
			);
			path = "bucket list";
			sourceTree = "<group>";
		};
		6CABECF71E71FF7400CE94E8 /* bucket listTests */ = {
			isa = PBXGroup;
			children = (
				6CABECF81E71FF7400CE94E8 /* bucket_listTests.swift */,
				6CABECFA1E71FF7400CE94E8 /* Info.plist */,
			);
			path = "bucket listTests";
			sourceTree = "<group>";
		};
		6CABED021E71FF7400CE94E8 /* bucket listUITests */ = {
			isa = PBXGroup;
			children = (
				6CABED031E71FF7400CE94E8 /* bucket_listUITests.swift */,
				6CABED051E71FF7400CE94E8 /* Info.plist */,
			);
			path = "bucket listUITests";
			sourceTree = "<group>";
		};
/* End PBXGroup section */

/* Begin PBXNativeTarget section */
		6CABECDF1E71FF7400CE94E8 /* bucket list */ = {
			isa = PBXNativeTarget;
			buildConfigurationList = 6CABED081E71FF7400CE94E8 /* Build configuration list for PBXNativeTarget "bucket list" */;
			buildPhases = (
				6CABECDC1E71FF7400CE94E8 /* Sources */,
				6CABECDD1E71FF7400CE94E8 /* Frameworks */,
				6CABECDE1E71FF7400CE94E8 /* Resources */,
			);
			buildRules = (
			);
			dependencies = (
			);
			name = "bucket list";
			productName = "bucket list";
			productReference = 6CABECE01E71FF7400CE94E8 /* bucket list.app */;
			productType = "com.apple.product-type.application";
		};
		6CABECF31E71FF7400CE94E8 /* bucket listTests */ = {
			isa = PBXNativeTarget;
			buildConfigurationList = 6CABED0B1E71FF7400CE94E8 /* Build configuration list for PBXNativeTarget "bucket listTests" */;
			buildPhases = (
				6CABECF01E71FF7400CE94E8 /* Sources */,
				6CABECF11E71FF7400CE94E8 /* Frameworks */,
				6CABECF21E71FF7400CE94E8 /* Resources */,
			);
			buildRules = (
			);
			dependencies = (
				6CABECF61E71FF7400CE94E8 /* PBXTargetDependency */,
			);
			name = "bucket listTests";
			productName = "bucket listTests";
			productReference = 6CABECF41E71FF7400CE94E8 /* bucket listTests.xctest */;
			productType = "com.apple.product-type.bundle.unit-test";
		};
		6CABECFE1E71FF7400CE94E8 /* bucket listUITests */ = {
			isa = PBXNativeTarget;
			buildConfigurationList = 6CABED0E1E71FF7400CE94E8 /* Build configuration list for PBXNativeTarget "bucket listUITests" */;
			buildPhases = (
				6CABECFB1E71FF7400CE94E8 /* Sources */,
				6CABECFC1E71FF7400CE94E8 /* Frameworks */,
				6CABECFD1E71FF7400CE94E8 /* Resources */,
			);
			buildRules = (
			);
			dependencies = (
				6CABED011E71FF7400CE94E8 /* PBXTargetDependency */,
			);
			name = "bucket listUITests";
			productName = "bucket listUITests";
			productReference = 6CABECFF1E71FF7400CE94E8 /* bucket listUITests.xctest */;
			productType = "com.apple.product-type.bundle.ui-testing";
		};
/* End PBXNativeTarget section */

/* Begin PBXProject section */
		6CABECD81E71FF7400CE94E8 /* Project object */ = {
			isa = PBXProject;
			attributes = {
				LastSwiftUpdateCheck = 0820;
				LastUpgradeCheck = 0820;
				ORGANIZATIONNAME = "Patrick O'Brien";
				TargetAttributes = {
					6CABECDF1E71FF7400CE94E8 = {
						CreatedOnToolsVersion = 8.2.1;
						DevelopmentTeam = B4LU6DP8T7;
						ProvisioningStyle = Automatic;
					};
					6CABECF31E71FF7400CE94E8 = {
						CreatedOnToolsVersion = 8.2.1;
						DevelopmentTeam = B4LU6DP8T7;
						ProvisioningStyle = Automatic;
						TestTargetID = 6CABECDF1E71FF7400CE94E8;
					};
					6CABECFE1E71FF7400CE94E8 = {
						CreatedOnToolsVersion = 8.2.1;
						DevelopmentTeam = B4LU6DP8T7;
						ProvisioningStyle = Automatic;
						TestTargetID = 6CABECDF1E71FF7400CE94E8;
					};
				};
			};
			buildConfigurationList = 6CABECDB1E71FF7400CE94E8 /* Build configuration list for PBXProject "bucket list" */;
			compatibilityVersion = "Xcode 3.2";
			developmentRegion = English;
			hasScannedForEncodings = 0;
			knownRegions = (
				en,
				Base,
			);
			mainGroup = 6CABECD71E71FF7400CE94E8;
			productRefGroup = 6CABECE11E71FF7400CE94E8 /* Products */;
			projectDirPath = "";
			projectRoot = "";
			targets = (
				6CABECDF1E71FF7400CE94E8 /* bucket list */,
				6CABECF31E71FF7400CE94E8 /* bucket listTests */,
				6CABECFE1E71FF7400CE94E8 /* bucket listUITests */,
			);
		};
/* End PBXProject section */

/* Begin PBXResourcesBuildPhase section */
		6CABECDE1E71FF7400CE94E8 /* Resources */ = {
			isa = PBXResourcesBuildPhase;
			buildActionMask = 2147483647;
			files = (
				6CABECEE1E71FF7400CE94E8 /* LaunchScreen.storyboard in Resources */,
				6CABECEB1E71FF7400CE94E8 /* Assets.xcassets in Resources */,
				6CABECE91E71FF7400CE94E8 /* Main.storyboard in Resources */,
			);
			runOnlyForDeploymentPostprocessing = 0;
		};
		6CABECF21E71FF7400CE94E8 /* Resources */ = {
			isa = PBXResourcesBuildPhase;
			buildActionMask = 2147483647;
			files = (
			);
			runOnlyForDeploymentPostprocessing = 0;
		};
		6CABECFD1E71FF7400CE94E8 /* Resources */ = {
			isa = PBXResourcesBuildPhase;
			buildActionMask = 2147483647;
			files = (
			);
			runOnlyForDeploymentPostprocessing = 0;
		};
/* End PBXResourcesBuildPhase section */

/* Begin PBXSourcesBuildPhase section */
		6CABECDC1E71FF7400CE94E8 /* Sources */ = {
			isa = PBXSourcesBuildPhase;
			buildActionMask = 2147483647;
			files = (
				6CABECE61E71FF7400CE94E8 /* BucketListViewController.swift in Sources */,
				6CABED161E72140500CE94E8 /* AddItemTAbleViewControllerDelegate.swift in Sources */,
				6CABECE41E71FF7400CE94E8 /* AppDelegate.swift in Sources */,
				6CABED121E720B1B00CE94E8 /* AddTableViewController.swift in Sources */,
			);
			runOnlyForDeploymentPostprocessing = 0;
		};
		6CABECF01E71FF7400CE94E8 /* Sources */ = {
			isa = PBXSourcesBuildPhase;
			buildActionMask = 2147483647;
			files = (
				6CABECF91E71FF7400CE94E8 /* bucket_listTests.swift in Sources */,
			);
			runOnlyForDeploymentPostprocessing = 0;
		};
		6CABECFB1E71FF7400CE94E8 /* Sources */ = {
			isa = PBXSourcesBuildPhase;
			buildActionMask = 2147483647;
			files = (
				6CABED041E71FF7400CE94E8 /* bucket_listUITests.swift in Sources */,
			);
			runOnlyForDeploymentPostprocessing = 0;
		};
/* End PBXSourcesBuildPhase section */

/* Begin PBXTargetDependency section */
		6CABECF61E71FF7400CE94E8 /* PBXTargetDependency */ = {
			isa = PBXTargetDependency;
			target = 6CABECDF1E71FF7400CE94E8 /* bucket list */;
			targetProxy = 6CABECF51E71FF7400CE94E8 /* PBXContainerItemProxy */;
		};
		6CABED011E71FF7400CE94E8 /* PBXTargetDependency */ = {
			isa = PBXTargetDependency;
			target = 6CABECDF1E71FF7400CE94E8 /* bucket list */;
			targetProxy = 6CABED001E71FF7400CE94E8 /* PBXContainerItemProxy */;
		};
/* End PBXTargetDependency section */

/* Begin PBXVariantGroup section */
		6CABECE71E71FF7400CE94E8 /* Main.storyboard */ = {
			isa = PBXVariantGroup;
			children = (
				6CABECE81E71FF7400CE94E8 /* Base */,
			);
			name = Main.storyboard;
			sourceTree = "<group>";
		};
		6CABECEC1E71FF7400CE94E8 /* LaunchScreen.storyboard */ = {
			isa = PBXVariantGroup;
			children = (
				6CABECED1E71FF7400CE94E8 /* Base */,
			);
			name = LaunchScreen.storyboard;
			sourceTree = "<group>";
		};
/* End PBXVariantGroup section */

/* Begin XCBuildConfiguration section */
		6CABED061E71FF7400CE94E8 /* Debug */ = {
			isa = XCBuildConfiguration;
			buildSettings = {
				ALWAYS_SEARCH_USER_PATHS = NO;
				CLANG_ANALYZER_NONNULL = YES;
				CLANG_CXX_LANGUAGE_STANDARD = "gnu++0x";
				CLANG_CXX_LIBRARY = "libc++";
				CLANG_ENABLE_MODULES = YES;
				CLANG_ENABLE_OBJC_ARC = YES;
				CLANG_WARN_BOOL_CONVERSION = YES;
				CLANG_WARN_CONSTANT_CONVERSION = YES;
				CLANG_WARN_DIRECT_OBJC_ISA_USAGE = YES_ERROR;
				CLANG_WARN_DOCUMENTATION_COMMENTS = YES;
				CLANG_WARN_EMPTY_BODY = YES;
				CLANG_WARN_ENUM_CONVERSION = YES;
				CLANG_WARN_INFINITE_RECURSION = YES;
				CLANG_WARN_INT_CONVERSION = YES;
				CLANG_WARN_OBJC_ROOT_CLASS = YES_ERROR;
				CLANG_WARN_SUSPICIOUS_MOVE = YES;
				CLANG_WARN_UNREACHABLE_CODE = YES;
				CLANG_WARN__DUPLICATE_METHOD_MATCH = YES;
				"CODE_SIGN_IDENTITY[sdk=iphoneos*]" = "iPhone Developer";
				COPY_PHASE_STRIP = NO;
				DEBUG_INFORMATION_FORMAT = dwarf;
				ENABLE_STRICT_OBJC_MSGSEND = YES;
				ENABLE_TESTABILITY = YES;
				GCC_C_LANGUAGE_STANDARD = gnu99;
				GCC_DYNAMIC_NO_PIC = NO;
				GCC_NO_COMMON_BLOCKS = YES;
				GCC_OPTIMIZATION_LEVEL = 0;
				GCC_PREPROCESSOR_DEFINITIONS = (
					"DEBUG=1",
					"$(inherited)",
				);
				GCC_WARN_64_TO_32_BIT_CONVERSION = YES;
				GCC_WARN_ABOUT_RETURN_TYPE = YES_ERROR;
				GCC_WARN_UNDECLARED_SELECTOR = YES;
				GCC_WARN_UNINITIALIZED_AUTOS = YES_AGGRESSIVE;
				GCC_WARN_UNUSED_FUNCTION = YES;
				GCC_WARN_UNUSED_VARIABLE = YES;
				IPHONEOS_DEPLOYMENT_TARGET = 10.2;
				MTL_ENABLE_DEBUG_INFO = YES;
				ONLY_ACTIVE_ARCH = YES;
				SDKROOT = iphoneos;
				SWIFT_ACTIVE_COMPILATION_CONDITIONS = DEBUG;
				SWIFT_OPTIMIZATION_LEVEL = "-Onone";
				TARGETED_DEVICE_FAMILY = "1,2";
			};
			name = Debug;
		};
		6CABED071E71FF7400CE94E8 /* Release */ = {
			isa = XCBuildConfiguration;
			buildSettings = {
				ALWAYS_SEARCH_USER_PATHS = NO;
				CLANG_ANALYZER_NONNULL = YES;
				CLANG_CXX_LANGUAGE_STANDARD = "gnu++0x";
				CLANG_CXX_LIBRARY = "libc++";
				CLANG_ENABLE_MODULES = YES;
				CLANG_ENABLE_OBJC_ARC = YES;
				CLANG_WARN_BOOL_CONVERSION = YES;
				CLANG_WARN_CONSTANT_CONVERSION = YES;
				CLANG_WARN_DIRECT_OBJC_ISA_USAGE = YES_ERROR;
				CLANG_WARN_DOCUMENTATION_COMMENTS = YES;
				CLANG_WARN_EMPTY_BODY = YES;
				CLANG_WARN_ENUM_CONVERSION = YES;
				CLANG_WARN_INFINITE_RECURSION = YES;
				CLANG_WARN_INT_CONVERSION = YES;
				CLANG_WARN_OBJC_ROOT_CLASS = YES_ERROR;
				CLANG_WARN_SUSPICIOUS_MOVE = YES;
				CLANG_WARN_UNREACHABLE_CODE = YES;
				CLANG_WARN__DUPLICATE_METHOD_MATCH = YES;
				"CODE_SIGN_IDENTITY[sdk=iphoneos*]" = "iPhone Developer";
				COPY_PHASE_STRIP = NO;
				DEBUG_INFORMATION_FORMAT = "dwarf-with-dsym";
				ENABLE_NS_ASSERTIONS = NO;
				ENABLE_STRICT_OBJC_MSGSEND = YES;
				GCC_C_LANGUAGE_STANDARD = gnu99;
				GCC_NO_COMMON_BLOCKS = YES;
				GCC_WARN_64_TO_32_BIT_CONVERSION = YES;
				GCC_WARN_ABOUT_RETURN_TYPE = YES_ERROR;
				GCC_WARN_UNDECLARED_SELECTOR = YES;
				GCC_WARN_UNINITIALIZED_AUTOS = YES_AGGRESSIVE;
				GCC_WARN_UNUSED_FUNCTION = YES;
				GCC_WARN_UNUSED_VARIABLE = YES;
				IPHONEOS_DEPLOYMENT_TARGET = 10.2;
				MTL_ENABLE_DEBUG_INFO = NO;
				SDKROOT = iphoneos;
				SWIFT_OPTIMIZATION_LEVEL = "-Owholemodule";
				TARGETED_DEVICE_FAMILY = "1,2";
				VALIDATE_PRODUCT = YES;
			};
			name = Release;
		};
		6CABED091E71FF7400CE94E8 /* Debug */ = {
			isa = XCBuildConfiguration;
			buildSettings = {
				ASSETCATALOG_COMPILER_APPICON_NAME = AppIcon;
				DEVELOPMENT_TEAM = B4LU6DP8T7;
				INFOPLIST_FILE = "bucket list/Info.plist";
				LD_RUNPATH_SEARCH_PATHS = "$(inherited) @executable_path/Frameworks";
				PRODUCT_BUNDLE_IDENTIFIER = "Elysia.bucket-list";
				PRODUCT_NAME = "$(TARGET_NAME)";
				SWIFT_VERSION = 3.0;
			};
			name = Debug;
		};
		6CABED0A1E71FF7400CE94E8 /* Release */ = {
			isa = XCBuildConfiguration;
			buildSettings = {
				ASSETCATALOG_COMPILER_APPICON_NAME = AppIcon;
				DEVELOPMENT_TEAM = B4LU6DP8T7;
				INFOPLIST_FILE = "bucket list/Info.plist";
				LD_RUNPATH_SEARCH_PATHS = "$(inherited) @executable_path/Frameworks";
				PRODUCT_BUNDLE_IDENTIFIER = "Elysia.bucket-list";
				PRODUCT_NAME = "$(TARGET_NAME)";
				SWIFT_VERSION = 3.0;
			};
			name = Release;
		};
		6CABED0C1E71FF7400CE94E8 /* Debug */ = {
			isa = XCBuildConfiguration;
			buildSettings = {
				ALWAYS_EMBED_SWIFT_STANDARD_LIBRARIES = YES;
				BUNDLE_LOADER = "$(TEST_HOST)";
				DEVELOPMENT_TEAM = B4LU6DP8T7;
				INFOPLIST_FILE = "bucket listTests/Info.plist";
				LD_RUNPATH_SEARCH_PATHS = "$(inherited) @executable_path/Frameworks @loader_path/Frameworks";
				PRODUCT_BUNDLE_IDENTIFIER = "Elysia.bucket-listTests";
				PRODUCT_NAME = "$(TARGET_NAME)";
				SWIFT_VERSION = 3.0;
				TEST_HOST = "$(BUILT_PRODUCTS_DIR)/bucket list.app/bucket list";
			};
			name = Debug;
		};
		6CABED0D1E71FF7400CE94E8 /* Release */ = {
			isa = XCBuildConfiguration;
			buildSettings = {
				ALWAYS_EMBED_SWIFT_STANDARD_LIBRARIES = YES;
				BUNDLE_LOADER = "$(TEST_HOST)";
				DEVELOPMENT_TEAM = B4LU6DP8T7;
				INFOPLIST_FILE = "bucket listTests/Info.plist";
				LD_RUNPATH_SEARCH_PATHS = "$(inherited) @executable_path/Frameworks @loader_path/Frameworks";
				PRODUCT_BUNDLE_IDENTIFIER = "Elysia.bucket-listTests";
				PRODUCT_NAME = "$(TARGET_NAME)";
				SWIFT_VERSION = 3.0;
				TEST_HOST = "$(BUILT_PRODUCTS_DIR)/bucket list.app/bucket list";
			};
			name = Release;
		};
		6CABED0F1E71FF7400CE94E8 /* Debug */ = {
			isa = XCBuildConfiguration;
			buildSettings = {
				ALWAYS_EMBED_SWIFT_STANDARD_LIBRARIES = YES;
				DEVELOPMENT_TEAM = B4LU6DP8T7;
				INFOPLIST_FILE = "bucket listUITests/Info.plist";
				LD_RUNPATH_SEARCH_PATHS = "$(inherited) @executable_path/Frameworks @loader_path/Frameworks";
				PRODUCT_BUNDLE_IDENTIFIER = "Elysia.bucket-listUITests";
				PRODUCT_NAME = "$(TARGET_NAME)";
				SWIFT_VERSION = 3.0;
				TEST_TARGET_NAME = "bucket list";
			};
			name = Debug;
		};
		6CABED101E71FF7400CE94E8 /* Release */ = {
			isa = XCBuildConfiguration;
			buildSettings = {
				ALWAYS_EMBED_SWIFT_STANDARD_LIBRARIES = YES;
				DEVELOPMENT_TEAM = B4LU6DP8T7;
				INFOPLIST_FILE = "bucket listUITests/Info.plist";
				LD_RUNPATH_SEARCH_PATHS = "$(inherited) @executable_path/Frameworks @loader_path/Frameworks";
				PRODUCT_BUNDLE_IDENTIFIER = "Elysia.bucket-listUITests";
				PRODUCT_NAME = "$(TARGET_NAME)";
				SWIFT_VERSION = 3.0;
				TEST_TARGET_NAME = "bucket list";
			};
			name = Release;
		};
/* End XCBuildConfiguration section */

/* Begin XCConfigurationList section */
		6CABECDB1E71FF7400CE94E8 /* Build configuration list for PBXProject "bucket list" */ = {
			isa = XCConfigurationList;
			buildConfigurations = (
				6CABED061E71FF7400CE94E8 /* Debug */,
				6CABED071E71FF7400CE94E8 /* Release */,
			);
			defaultConfigurationIsVisible = 0;
			defaultConfigurationName = Release;
		};
		6CABED081E71FF7400CE94E8 /* Build configuration list for PBXNativeTarget "bucket list" */ = {
			isa = XCConfigurationList;
			buildConfigurations = (
				6CABED091E71FF7400CE94E8 /* Debug */,
				6CABED0A1E71FF7400CE94E8 /* Release */,
			);
			defaultConfigurationIsVisible = 0;
			defaultConfigurationName = Release;
		};
		6CABED0B1E71FF7400CE94E8 /* Build configuration list for PBXNativeTarget "bucket listTests" */ = {
			isa = XCConfigurationList;
			buildConfigurations = (
				6CABED0C1E71FF7400CE94E8 /* Debug */,
				6CABED0D1E71FF7400CE94E8 /* Release */,
			);
			defaultConfigurationIsVisible = 0;
			defaultConfigurationName = Release;
		};
		6CABED0E1E71FF7400CE94E8 /* Build configuration list for PBXNativeTarget "bucket listUITests" */ = {
			isa = XCConfigurationList;
			buildConfigurations = (
				6CABED0F1E71FF7400CE94E8 /* Debug */,
				6CABED101E71FF7400CE94E8 /* Release */,
			);
			defaultConfigurationIsVisible = 0;
			defaultConfigurationName = Release;
		};
/* End XCConfigurationList section */
	};
	rootObject = 6CABECD81E71FF7400CE94E8 /* Project object */;
}
