// !$*UTF8*$!
{
	archiveVersion = 1;
	classes = {
	};
	objectVersion = 46;
	objects = {

/* Begin PBXBuildFile section */
		6C0683431E70810100BD645B /* AppDelegate.swift in Sources */ = {isa = PBXBuildFile; fileRef = 6C0683421E70810100BD645B /* AppDelegate.swift */; };
		6C0683451E70810100BD645B /* ViewController.swift in Sources */ = {isa = PBXBuildFile; fileRef = 6C0683441E70810100BD645B /* ViewController.swift */; };
		6C0683481E70810100BD645B /* Main.storyboard in Resources */ = {isa = PBXBuildFile; fileRef = 6C0683461E70810100BD645B /* Main.storyboard */; };
		6C06834A1E70810100BD645B /* Assets.xcassets in Resources */ = {isa = PBXBuildFile; fileRef = 6C0683491E70810100BD645B /* Assets.xcassets */; };
		6C06834D1E70810100BD645B /* LaunchScreen.storyboard in Resources */ = {isa = PBXBuildFile; fileRef = 6C06834B1E70810100BD645B /* LaunchScreen.storyboard */; };
		6C0683581E70810100BD645B /* BeastsTests.swift in Sources */ = {isa = PBXBuildFile; fileRef = 6C0683571E70810100BD645B /* BeastsTests.swift */; };
		6C0683631E70810100BD645B /* BeastsUITests.swift in Sources */ = {isa = PBXBuildFile; fileRef = 6C0683621E70810100BD645B /* BeastsUITests.swift */; };
/* End PBXBuildFile section */

/* Begin PBXContainerItemProxy section */
		6C0683541E70810100BD645B /* PBXContainerItemProxy */ = {
			isa = PBXContainerItemProxy;
			containerPortal = 6C0683371E70810100BD645B /* Project object */;
			proxyType = 1;
			remoteGlobalIDString = 6C06833E1E70810100BD645B;
			remoteInfo = Beasts;
		};
		6C06835F1E70810100BD645B /* PBXContainerItemProxy */ = {
			isa = PBXContainerItemProxy;
			containerPortal = 6C0683371E70810100BD645B /* Project object */;
			proxyType = 1;
			remoteGlobalIDString = 6C06833E1E70810100BD645B;
			remoteInfo = Beasts;
		};
/* End PBXContainerItemProxy section */

/* Begin PBXFileReference section */
		6C06833F1E70810100BD645B /* Beasts.app */ = {isa = PBXFileReference; explicitFileType = wrapper.application; includeInIndex = 0; path = Beasts.app; sourceTree = BUILT_PRODUCTS_DIR; };
		6C0683421E70810100BD645B /* AppDelegate.swift */ = {isa = PBXFileReference; lastKnownFileType = sourcecode.swift; path = AppDelegate.swift; sourceTree = "<group>"; };
		6C0683441E70810100BD645B /* ViewController.swift */ = {isa = PBXFileReference; lastKnownFileType = sourcecode.swift; path = ViewController.swift; sourceTree = "<group>"; };
		6C0683471E70810100BD645B /* Base */ = {isa = PBXFileReference; lastKnownFileType = file.storyboard; name = Base; path = Base.lproj/Main.storyboard; sourceTree = "<group>"; };
		6C0683491E70810100BD645B /* Assets.xcassets */ = {isa = PBXFileReference; lastKnownFileType = folder.assetcatalog; path = Assets.xcassets; sourceTree = "<group>"; };
		6C06834C1E70810100BD645B /* Base */ = {isa = PBXFileReference; lastKnownFileType = file.storyboard; name = Base; path = Base.lproj/LaunchScreen.storyboard; sourceTree = "<group>"; };
		6C06834E1E70810100BD645B /* Info.plist */ = {isa = PBXFileReference; lastKnownFileType = text.plist.xml; path = Info.plist; sourceTree = "<group>"; };
		6C0683531E70810100BD645B /* BeastsTests.xctest */ = {isa = PBXFileReference; explicitFileType = wrapper.cfbundle; includeInIndex = 0; path = BeastsTests.xctest; sourceTree = BUILT_PRODUCTS_DIR; };
		6C0683571E70810100BD645B /* BeastsTests.swift */ = {isa = PBXFileReference; lastKnownFileType = sourcecode.swift; path = BeastsTests.swift; sourceTree = "<group>"; };
		6C0683591E70810100BD645B /* Info.plist */ = {isa = PBXFileReference; lastKnownFileType = text.plist.xml; path = Info.plist; sourceTree = "<group>"; };
		6C06835E1E70810100BD645B /* BeastsUITests.xctest */ = {isa = PBXFileReference; explicitFileType = wrapper.cfbundle; includeInIndex = 0; path = BeastsUITests.xctest; sourceTree = BUILT_PRODUCTS_DIR; };
		6C0683621E70810100BD645B /* BeastsUITests.swift */ = {isa = PBXFileReference; lastKnownFileType = sourcecode.swift; path = BeastsUITests.swift; sourceTree = "<group>"; };
		6C0683641E70810100BD645B /* Info.plist */ = {isa = PBXFileReference; lastKnownFileType = text.plist.xml; path = Info.plist; sourceTree = "<group>"; };
/* End PBXFileReference section */

/* Begin PBXFrameworksBuildPhase section */
		6C06833C1E70810100BD645B /* Frameworks */ = {
			isa = PBXFrameworksBuildPhase;
			buildActionMask = 2147483647;
			files = (
			);
			runOnlyForDeploymentPostprocessing = 0;
		};
		6C0683501E70810100BD645B /* Frameworks */ = {
			isa = PBXFrameworksBuildPhase;
			buildActionMask = 2147483647;
			files = (
			);
			runOnlyForDeploymentPostprocessing = 0;
		};
		6C06835B1E70810100BD645B /* Frameworks */ = {
			isa = PBXFrameworksBuildPhase;
			buildActionMask = 2147483647;
			files = (
			);
			runOnlyForDeploymentPostprocessing = 0;
		};
/* End PBXFrameworksBuildPhase section */

/* Begin PBXGroup section */
		6C0683361E70810100BD645B = {
			isa = PBXGroup;
			children = (
				6C0683411E70810100BD645B /* Beasts */,
				6C0683561E70810100BD645B /* BeastsTests */,
				6C0683611E70810100BD645B /* BeastsUITests */,
				6C0683401E70810100BD645B /* Products */,
			);
			sourceTree = "<group>";
		};
		6C0683401E70810100BD645B /* Products */ = {
			isa = PBXGroup;
			children = (
				6C06833F1E70810100BD645B /* Beasts.app */,
				6C0683531E70810100BD645B /* BeastsTests.xctest */,
				6C06835E1E70810100BD645B /* BeastsUITests.xctest */,
			);
			name = Products;
			sourceTree = "<group>";
		};
		6C0683411E70810100BD645B /* Beasts */ = {
			isa = PBXGroup;
			children = (
				6C0683421E70810100BD645B /* AppDelegate.swift */,
				6C0683441E70810100BD645B /* ViewController.swift */,
				6C0683461E70810100BD645B /* Main.storyboard */,
				6C0683491E70810100BD645B /* Assets.xcassets */,
				6C06834B1E70810100BD645B /* LaunchScreen.storyboard */,
				6C06834E1E70810100BD645B /* Info.plist */,
			);
			path = Beasts;
			sourceTree = "<group>";
		};
		6C0683561E70810100BD645B /* BeastsTests */ = {
			isa = PBXGroup;
			children = (
				6C0683571E70810100BD645B /* BeastsTests.swift */,
				6C0683591E70810100BD645B /* Info.plist */,
			);
			path = BeastsTests;
			sourceTree = "<group>";
		};
		6C0683611E70810100BD645B /* BeastsUITests */ = {
			isa = PBXGroup;
			children = (
				6C0683621E70810100BD645B /* BeastsUITests.swift */,
				6C0683641E70810100BD645B /* Info.plist */,
			);
			path = BeastsUITests;
			sourceTree = "<group>";
		};
/* End PBXGroup section */

/* Begin PBXNativeTarget section */
		6C06833E1E70810100BD645B /* Beasts */ = {
			isa = PBXNativeTarget;
			buildConfigurationList = 6C0683671E70810100BD645B /* Build configuration list for PBXNativeTarget "Beasts" */;
			buildPhases = (
				6C06833B1E70810100BD645B /* Sources */,
				6C06833C1E70810100BD645B /* Frameworks */,
				6C06833D1E70810100BD645B /* Resources */,
			);
			buildRules = (
			);
			dependencies = (
			);
			name = Beasts;
			productName = Beasts;
			productReference = 6C06833F1E70810100BD645B /* Beasts.app */;
			productType = "com.apple.product-type.application";
		};
		6C0683521E70810100BD645B /* BeastsTests */ = {
			isa = PBXNativeTarget;
			buildConfigurationList = 6C06836A1E70810100BD645B /* Build configuration list for PBXNativeTarget "BeastsTests" */;
			buildPhases = (
				6C06834F1E70810100BD645B /* Sources */,
				6C0683501E70810100BD645B /* Frameworks */,
				6C0683511E70810100BD645B /* Resources */,
			);
			buildRules = (
			);
			dependencies = (
				6C0683551E70810100BD645B /* PBXTargetDependency */,
			);
			name = BeastsTests;
			productName = BeastsTests;
			productReference = 6C0683531E70810100BD645B /* BeastsTests.xctest */;
			productType = "com.apple.product-type.bundle.unit-test";
		};
		6C06835D1E70810100BD645B /* BeastsUITests */ = {
			isa = PBXNativeTarget;
			buildConfigurationList = 6C06836D1E70810100BD645B /* Build configuration list for PBXNativeTarget "BeastsUITests" */;
			buildPhases = (
				6C06835A1E70810100BD645B /* Sources */,
				6C06835B1E70810100BD645B /* Frameworks */,
				6C06835C1E70810100BD645B /* Resources */,
			);
			buildRules = (
			);
			dependencies = (
				6C0683601E70810100BD645B /* PBXTargetDependency */,
			);
			name = BeastsUITests;
			productName = BeastsUITests;
			productReference = 6C06835E1E70810100BD645B /* BeastsUITests.xctest */;
			productType = "com.apple.product-type.bundle.ui-testing";
		};
/* End PBXNativeTarget section */

/* Begin PBXProject section */
		6C0683371E70810100BD645B /* Project object */ = {
			isa = PBXProject;
			attributes = {
				LastSwiftUpdateCheck = 0820;
				LastUpgradeCheck = 0820;
				ORGANIZATIONNAME = "Patrick O'Brien";
				TargetAttributes = {
					6C06833E1E70810100BD645B = {
						CreatedOnToolsVersion = 8.2.1;
						DevelopmentTeam = B4LU6DP8T7;
						ProvisioningStyle = Automatic;
					};
					6C0683521E70810100BD645B = {
						CreatedOnToolsVersion = 8.2.1;
						DevelopmentTeam = B4LU6DP8T7;
						ProvisioningStyle = Automatic;
						TestTargetID = 6C06833E1E70810100BD645B;
					};
					6C06835D1E70810100BD645B = {
						CreatedOnToolsVersion = 8.2.1;
						DevelopmentTeam = B4LU6DP8T7;
						ProvisioningStyle = Automatic;
						TestTargetID = 6C06833E1E70810100BD645B;
					};
				};
			};
			buildConfigurationList = 6C06833A1E70810100BD645B /* Build configuration list for PBXProject "Beasts" */;
			compatibilityVersion = "Xcode 3.2";
			developmentRegion = English;
			hasScannedForEncodings = 0;
			knownRegions = (
				en,
				Base,
			);
			mainGroup = 6C0683361E70810100BD645B;
			productRefGroup = 6C0683401E70810100BD645B /* Products */;
			projectDirPath = "";
			projectRoot = "";
			targets = (
				6C06833E1E70810100BD645B /* Beasts */,
				6C0683521E70810100BD645B /* BeastsTests */,
				6C06835D1E70810100BD645B /* BeastsUITests */,
			);
		};
/* End PBXProject section */

/* Begin PBXResourcesBuildPhase section */
		6C06833D1E70810100BD645B /* Resources */ = {
			isa = PBXResourcesBuildPhase;
			buildActionMask = 2147483647;
			files = (
				6C06834D1E70810100BD645B /* LaunchScreen.storyboard in Resources */,
				6C06834A1E70810100BD645B /* Assets.xcassets in Resources */,
				6C0683481E70810100BD645B /* Main.storyboard in Resources */,
			);
			runOnlyForDeploymentPostprocessing = 0;
		};
		6C0683511E70810100BD645B /* Resources */ = {
			isa = PBXResourcesBuildPhase;
			buildActionMask = 2147483647;
			files = (
			);
			runOnlyForDeploymentPostprocessing = 0;
		};
		6C06835C1E70810100BD645B /* Resources */ = {
			isa = PBXResourcesBuildPhase;
			buildActionMask = 2147483647;
			files = (
			);
			runOnlyForDeploymentPostprocessing = 0;
		};
/* End PBXResourcesBuildPhase section */

/* Begin PBXSourcesBuildPhase section */
		6C06833B1E70810100BD645B /* Sources */ = {
			isa = PBXSourcesBuildPhase;
			buildActionMask = 2147483647;
			files = (
				6C0683451E70810100BD645B /* ViewController.swift in Sources */,
				6C0683431E70810100BD645B /* AppDelegate.swift in Sources */,
			);
			runOnlyForDeploymentPostprocessing = 0;
		};
		6C06834F1E70810100BD645B /* Sources */ = {
			isa = PBXSourcesBuildPhase;
			buildActionMask = 2147483647;
			files = (
				6C0683581E70810100BD645B /* BeastsTests.swift in Sources */,
			);
			runOnlyForDeploymentPostprocessing = 0;
		};
		6C06835A1E70810100BD645B /* Sources */ = {
			isa = PBXSourcesBuildPhase;
			buildActionMask = 2147483647;
			files = (
				6C0683631E70810100BD645B /* BeastsUITests.swift in Sources */,
			);
			runOnlyForDeploymentPostprocessing = 0;
		};
/* End PBXSourcesBuildPhase section */

/* Begin PBXTargetDependency section */
		6C0683551E70810100BD645B /* PBXTargetDependency */ = {
			isa = PBXTargetDependency;
			target = 6C06833E1E70810100BD645B /* Beasts */;
			targetProxy = 6C0683541E70810100BD645B /* PBXContainerItemProxy */;
		};
		6C0683601E70810100BD645B /* PBXTargetDependency */ = {
			isa = PBXTargetDependency;
			target = 6C06833E1E70810100BD645B /* Beasts */;
			targetProxy = 6C06835F1E70810100BD645B /* PBXContainerItemProxy */;
		};
/* End PBXTargetDependency section */

/* Begin PBXVariantGroup section */
		6C0683461E70810100BD645B /* Main.storyboard */ = {
			isa = PBXVariantGroup;
			children = (
				6C0683471E70810100BD645B /* Base */,
			);
			name = Main.storyboard;
			sourceTree = "<group>";
		};
		6C06834B1E70810100BD645B /* LaunchScreen.storyboard */ = {
			isa = PBXVariantGroup;
			children = (
				6C06834C1E70810100BD645B /* Base */,
			);
			name = LaunchScreen.storyboard;
			sourceTree = "<group>";
		};
/* End PBXVariantGroup section */

/* Begin XCBuildConfiguration section */
		6C0683651E70810100BD645B /* Debug */ = {
			isa = XCBuildConfiguration;
			buildSettings = {
				ALWAYS_SEARCH_USER_PATHS = NO;
				CLANG_ANALYZER_NONNULL = YES;
				CLANG_CXX_LANGUAGE_STANDARD = "gnu++0x";
				CLANG_CXX_LIBRARY = "libc++";
				CLANG_ENABLE_MODULES = YES;
				CLANG_ENABLE_OBJC_ARC = YES;
				CLANG_WARN_BOOL_CONVERSION = YES;
				CLANG_WARN_CONSTANT_CONVERSION = YES;
				CLANG_WARN_DIRECT_OBJC_ISA_USAGE = YES_ERROR;
				CLANG_WARN_DOCUMENTATION_COMMENTS = YES;
				CLANG_WARN_EMPTY_BODY = YES;
				CLANG_WARN_ENUM_CONVERSION = YES;
				CLANG_WARN_INFINITE_RECURSION = YES;
				CLANG_WARN_INT_CONVERSION = YES;
				CLANG_WARN_OBJC_ROOT_CLASS = YES_ERROR;
				CLANG_WARN_SUSPICIOUS_MOVE = YES;
				CLANG_WARN_UNREACHABLE_CODE = YES;
				CLANG_WARN__DUPLICATE_METHOD_MATCH = YES;
				"CODE_SIGN_IDENTITY[sdk=iphoneos*]" = "iPhone Developer";
				COPY_PHASE_STRIP = NO;
				DEBUG_INFORMATION_FORMAT = dwarf;
				ENABLE_STRICT_OBJC_MSGSEND = YES;
				ENABLE_TESTABILITY = YES;
				GCC_C_LANGUAGE_STANDARD = gnu99;
				GCC_DYNAMIC_NO_PIC = NO;
				GCC_NO_COMMON_BLOCKS = YES;
				GCC_OPTIMIZATION_LEVEL = 0;
				GCC_PREPROCESSOR_DEFINITIONS = (
					"DEBUG=1",
					"$(inherited)",
				);
				GCC_WARN_64_TO_32_BIT_CONVERSION = YES;
				GCC_WARN_ABOUT_RETURN_TYPE = YES_ERROR;
				GCC_WARN_UNDECLARED_SELECTOR = YES;
				GCC_WARN_UNINITIALIZED_AUTOS = YES_AGGRESSIVE;
				GCC_WARN_UNUSED_FUNCTION = YES;
				GCC_WARN_UNUSED_VARIABLE = YES;
				IPHONEOS_DEPLOYMENT_TARGET = 10.2;
				MTL_ENABLE_DEBUG_INFO = YES;
				ONLY_ACTIVE_ARCH = YES;
				SDKROOT = iphoneos;
				SWIFT_ACTIVE_COMPILATION_CONDITIONS = DEBUG;
				SWIFT_OPTIMIZATION_LEVEL = "-Onone";
				TARGETED_DEVICE_FAMILY = "1,2";
			};
			name = Debug;
		};
		6C0683661E70810100BD645B /* Release */ = {
			isa = XCBuildConfiguration;
			buildSettings = {
				ALWAYS_SEARCH_USER_PATHS = NO;
				CLANG_ANALYZER_NONNULL = YES;
				CLANG_CXX_LANGUAGE_STANDARD = "gnu++0x";
				CLANG_CXX_LIBRARY = "libc++";
				CLANG_ENABLE_MODULES = YES;
				CLANG_ENABLE_OBJC_ARC = YES;
				CLANG_WARN_BOOL_CONVERSION = YES;
				CLANG_WARN_CONSTANT_CONVERSION = YES;
				CLANG_WARN_DIRECT_OBJC_ISA_USAGE = YES_ERROR;
				CLANG_WARN_DOCUMENTATION_COMMENTS = YES;
				CLANG_WARN_EMPTY_BODY = YES;
				CLANG_WARN_ENUM_CONVERSION = YES;
				CLANG_WARN_INFINITE_RECURSION = YES;
				CLANG_WARN_INT_CONVERSION = YES;
				CLANG_WARN_OBJC_ROOT_CLASS = YES_ERROR;
				CLANG_WARN_SUSPICIOUS_MOVE = YES;
				CLANG_WARN_UNREACHABLE_CODE = YES;
				CLANG_WARN__DUPLICATE_METHOD_MATCH = YES;
				"CODE_SIGN_IDENTITY[sdk=iphoneos*]" = "iPhone Developer";
				COPY_PHASE_STRIP = NO;
				DEBUG_INFORMATION_FORMAT = "dwarf-with-dsym";
				ENABLE_NS_ASSERTIONS = NO;
				ENABLE_STRICT_OBJC_MSGSEND = YES;
				GCC_C_LANGUAGE_STANDARD = gnu99;
				GCC_NO_COMMON_BLOCKS = YES;
				GCC_WARN_64_TO_32_BIT_CONVERSION = YES;
				GCC_WARN_ABOUT_RETURN_TYPE = YES_ERROR;
				GCC_WARN_UNDECLARED_SELECTOR = YES;
				GCC_WARN_UNINITIALIZED_AUTOS = YES_AGGRESSIVE;
				GCC_WARN_UNUSED_FUNCTION = YES;
				GCC_WARN_UNUSED_VARIABLE = YES;
				IPHONEOS_DEPLOYMENT_TARGET = 10.2;
				MTL_ENABLE_DEBUG_INFO = NO;
				SDKROOT = iphoneos;
				SWIFT_OPTIMIZATION_LEVEL = "-Owholemodule";
				TARGETED_DEVICE_FAMILY = "1,2";
				VALIDATE_PRODUCT = YES;
			};
			name = Release;
		};
		6C0683681E70810100BD645B /* Debug */ = {
			isa = XCBuildConfiguration;
			buildSettings = {
				ASSETCATALOG_COMPILER_APPICON_NAME = AppIcon;
				DEVELOPMENT_TEAM = B4LU6DP8T7;
				INFOPLIST_FILE = Beasts/Info.plist;
				LD_RUNPATH_SEARCH_PATHS = "$(inherited) @executable_path/Frameworks";
				PRODUCT_BUNDLE_IDENTIFIER = Elysia.Beasts;
				PRODUCT_NAME = "$(TARGET_NAME)";
				SWIFT_VERSION = 3.0;
			};
			name = Debug;
		};
		6C0683691E70810100BD645B /* Release */ = {
			isa = XCBuildConfiguration;
			buildSettings = {
				ASSETCATALOG_COMPILER_APPICON_NAME = AppIcon;
				DEVELOPMENT_TEAM = B4LU6DP8T7;
				INFOPLIST_FILE = Beasts/Info.plist;
				LD_RUNPATH_SEARCH_PATHS = "$(inherited) @executable_path/Frameworks";
				PRODUCT_BUNDLE_IDENTIFIER = Elysia.Beasts;
				PRODUCT_NAME = "$(TARGET_NAME)";
				SWIFT_VERSION = 3.0;
			};
			name = Release;
		};
		6C06836B1E70810100BD645B /* Debug */ = {
			isa = XCBuildConfiguration;
			buildSettings = {
				ALWAYS_EMBED_SWIFT_STANDARD_LIBRARIES = YES;
				BUNDLE_LOADER = "$(TEST_HOST)";
				DEVELOPMENT_TEAM = B4LU6DP8T7;
				INFOPLIST_FILE = BeastsTests/Info.plist;
				LD_RUNPATH_SEARCH_PATHS = "$(inherited) @executable_path/Frameworks @loader_path/Frameworks";
				PRODUCT_BUNDLE_IDENTIFIER = Elysia.BeastsTests;
				PRODUCT_NAME = "$(TARGET_NAME)";
				SWIFT_VERSION = 3.0;
				TEST_HOST = "$(BUILT_PRODUCTS_DIR)/Beasts.app/Beasts";
			};
			name = Debug;
		};
		6C06836C1E70810100BD645B /* Release */ = {
			isa = XCBuildConfiguration;
			buildSettings = {
				ALWAYS_EMBED_SWIFT_STANDARD_LIBRARIES = YES;
				BUNDLE_LOADER = "$(TEST_HOST)";
				DEVELOPMENT_TEAM = B4LU6DP8T7;
				INFOPLIST_FILE = BeastsTests/Info.plist;
				LD_RUNPATH_SEARCH_PATHS = "$(inherited) @executable_path/Frameworks @loader_path/Frameworks";
				PRODUCT_BUNDLE_IDENTIFIER = Elysia.BeastsTests;
				PRODUCT_NAME = "$(TARGET_NAME)";
				SWIFT_VERSION = 3.0;
				TEST_HOST = "$(BUILT_PRODUCTS_DIR)/Beasts.app/Beasts";
			};
			name = Release;
		};
		6C06836E1E70810100BD645B /* Debug */ = {
			isa = XCBuildConfiguration;
			buildSettings = {
				ALWAYS_EMBED_SWIFT_STANDARD_LIBRARIES = YES;
				DEVELOPMENT_TEAM = B4LU6DP8T7;
				INFOPLIST_FILE = BeastsUITests/Info.plist;
				LD_RUNPATH_SEARCH_PATHS = "$(inherited) @executable_path/Frameworks @loader_path/Frameworks";
				PRODUCT_BUNDLE_IDENTIFIER = Elysia.BeastsUITests;
				PRODUCT_NAME = "$(TARGET_NAME)";
				SWIFT_VERSION = 3.0;
				TEST_TARGET_NAME = Beasts;
			};
			name = Debug;
		};
		6C06836F1E70810100BD645B /* Release */ = {
			isa = XCBuildConfiguration;
			buildSettings = {
				ALWAYS_EMBED_SWIFT_STANDARD_LIBRARIES = YES;
				DEVELOPMENT_TEAM = B4LU6DP8T7;
				INFOPLIST_FILE = BeastsUITests/Info.plist;
				LD_RUNPATH_SEARCH_PATHS = "$(inherited) @executable_path/Frameworks @loader_path/Frameworks";
				PRODUCT_BUNDLE_IDENTIFIER = Elysia.BeastsUITests;
				PRODUCT_NAME = "$(TARGET_NAME)";
				SWIFT_VERSION = 3.0;
				TEST_TARGET_NAME = Beasts;
			};
			name = Release;
		};
/* End XCBuildConfiguration section */

/* Begin XCConfigurationList section */
		6C06833A1E70810100BD645B /* Build configuration list for PBXProject "Beasts" */ = {
			isa = XCConfigurationList;
			buildConfigurations = (
				6C0683651E70810100BD645B /* Debug */,
				6C0683661E70810100BD645B /* Release */,
			);
			defaultConfigurationIsVisible = 0;
			defaultConfigurationName = Release;
		};
		6C0683671E70810100BD645B /* Build configuration list for PBXNativeTarget "Beasts" */ = {
			isa = XCConfigurationList;
			buildConfigurations = (
				6C0683681E70810100BD645B /* Debug */,
				6C0683691E70810100BD645B /* Release */,
			);
			defaultConfigurationIsVisible = 0;
		};
		6C06836A1E70810100BD645B /* Build configuration list for PBXNativeTarget "BeastsTests" */ = {
			isa = XCConfigurationList;
			buildConfigurations = (
				6C06836B1E70810100BD645B /* Debug */,
				6C06836C1E70810100BD645B /* Release */,
			);
			defaultConfigurationIsVisible = 0;
		};
		6C06836D1E70810100BD645B /* Build configuration list for PBXNativeTarget "BeastsUITests" */ = {
			isa = XCConfigurationList;
			buildConfigurations = (
				6C06836E1E70810100BD645B /* Debug */,
				6C06836F1E70810100BD645B /* Release */,
			);
			defaultConfigurationIsVisible = 0;
		};
/* End XCConfigurationList section */
	};
	rootObject = 6C0683371E70810100BD645B /* Project object */;
}
